
Microsoft Visual Studio Solution File, Format Version 12.00
# Visual Studio Version 17
VisualStudioVersion = 17.14.36603.0 d17.14
MinimumVisualStudioVersion = 10.0.40219.1
Project("{FAE04EC0-301F-11D3-BF4B-00C04F79EFBC}") = "MobileITJ", "MobileITJ\MobileITJ.csproj", "{4E1E0489-B2C2-42BC-90B0-3B53D0ABABC5}"
EndProject
Global
	GlobalSection(SolutionConfigurationPlatforms) = preSolution
		Debug|Any CPU = Debug|Any CPU
		Release|Any CPU = Release|Any CPU
	EndGlobalSection
	GlobalSection(ProjectConfigurationPlatforms) = postSolution
		{4E1E0489-B2C2-42BC-90B0-3B53D0ABABC5}.Debug|Any CPU.ActiveCfg = Debug|Any CPU
		{4E1E0489-B2C2-42BC-90B0-3B53D0ABABC5}.Debug|Any CPU.Build.0 = Debug|Any CPU
		{4E1E0489-B2C2-42BC-90B0-3B53D0ABABC5}.Release|Any CPU.ActiveCfg = Release|Any CPU
		{4E1E0489-B2C2-42BC-90B0-3B53D0ABABC5}.Release|Any CPU.Build.0 = Release|Any CPU
	EndGlobalSection
	GlobalSection(SolutionProperties) = preSolution
		HideSolutionNode = FALSE
	EndGlobalSection
	GlobalSection(ExtensibilityGlobals) = postSolution
		SolutionGuid = {669097C6-1BCB-4BCC-8A16-C8CB377A7FB9}
	EndGlobalSection
EndGlobal
